// !$*UTF8*$!
{
	archiveVersion = 1;
	classes = {
	};
	objectVersion = 48;
	objects = {

/* Begin PBXBuildFile section */
		192CABDF201870A800B5BEBC /* QueryTableViewController.swift in Sources */ = {isa = PBXBuildFile; fileRef = 192CABDE201870A800B5BEBC /* QueryTableViewController.swift */; };
		1987018E2018183E00A9C575 /* AppDelegate.swift in Sources */ = {isa = PBXBuildFile; fileRef = 1987018D2018183E00A9C575 /* AppDelegate.swift */; };
		198701902018183E00A9C575 /* ViewController.swift in Sources */ = {isa = PBXBuildFile; fileRef = 1987018F2018183E00A9C575 /* ViewController.swift */; };
		198701932018183E00A9C575 /* Main.storyboard in Resources */ = {isa = PBXBuildFile; fileRef = 198701912018183E00A9C575 /* Main.storyboard */; };
		198701952018183E00A9C575 /* Assets.xcassets in Resources */ = {isa = PBXBuildFile; fileRef = 198701942018183E00A9C575 /* Assets.xcassets */; };
		198701982018183E00A9C575 /* LaunchScreen.storyboard in Resources */ = {isa = PBXBuildFile; fileRef = 198701962018183E00A9C575 /* LaunchScreen.storyboard */; };
		198701A42018226000A9C575 /* BookmarksListFavoritesFolder@3x.png in Resources */ = {isa = PBXBuildFile; fileRef = 198701A32018226000A9C575 /* BookmarksListFavoritesFolder@3x.png */; };
		198701AB2018233700A9C575 /* FavoritesGridFolder.png in Resources */ = {isa = PBXBuildFile; fileRef = 198701AA2018233600A9C575 /* FavoritesGridFolder.png */; };
		198701B12018324E00A9C575 /* RecordViewController.swift in Sources */ = {isa = PBXBuildFile; fileRef = 198701B02018324E00A9C575 /* RecordViewController.swift */; };
		19B7F038201FD607000AA565 /* BookmarksListFavoritesFolder@2x.png in Resources */ = {isa = PBXBuildFile; fileRef = 19B7F037201FD607000AA565 /* BookmarksListFavoritesFolder@2x.png */; };
		19B7F03A201FD70E000AA565 /* RecordTableViewCell.swift in Sources */ = {isa = PBXBuildFile; fileRef = 19B7F039201FD70E000AA565 /* RecordTableViewCell.swift */; };
		19B7F0DC202015EE000AA565 /* DBHelper.swift in Sources */ = {isa = PBXBuildFile; fileRef = 19B7F0DB202015EE000AA565 /* DBHelper.swift */; };
		19B7F0DE202018E1000AA565 /* TestViewController.swift in Sources */ = {isa = PBXBuildFile; fileRef = 19B7F0DD202018E1000AA565 /* TestViewController.swift */; };
		19B7F0F52021A1F1000AA565 /* TabBarController.swift in Sources */ = {isa = PBXBuildFile; fileRef = 19B7F0F42021A1F1000AA565 /* TabBarController.swift */; };
		19C46F16201E56F0008AF94F /* Record.swift in Sources */ = {isa = PBXBuildFile; fileRef = 19C46F15201E56F0008AF94F /* Record.swift */; };
		224A757B2433032BC4A34A45 /* Pods_demo2.framework in Frameworks */ = {isa = PBXBuildFile; fileRef = 77BB9C15FB52F3E63D8013E6 /* Pods_demo2.framework */; };
/* End PBXBuildFile section */

/* Begin PBXFileReference section */
		192CABDE201870A800B5BEBC /* QueryTableViewController.swift */ = {isa = PBXFileReference; lastKnownFileType = sourcecode.swift; path = QueryTableViewController.swift; sourceTree = "<group>"; };
		1987018A2018183E00A9C575 /* demo2.app */ = {isa = PBXFileReference; explicitFileType = wrapper.application; includeInIndex = 0; path = demo2.app; sourceTree = BUILT_PRODUCTS_DIR; };
		1987018D2018183E00A9C575 /* AppDelegate.swift */ = {isa = PBXFileReference; lastKnownFileType = sourcecode.swift; path = AppDelegate.swift; sourceTree = "<group>"; };
		1987018F2018183E00A9C575 /* ViewController.swift */ = {isa = PBXFileReference; lastKnownFileType = sourcecode.swift; path = ViewController.swift; sourceTree = "<group>"; };
		198701922018183E00A9C575 /* Base */ = {isa = PBXFileReference; lastKnownFileType = file.storyboard; name = Base; path = Base.lproj/Main.storyboard; sourceTree = "<group>"; };
		198701942018183E00A9C575 /* Assets.xcassets */ = {isa = PBXFileReference; lastKnownFileType = folder.assetcatalog; path = Assets.xcassets; sourceTree = "<group>"; };
		198701972018183E00A9C575 /* Base */ = {isa = PBXFileReference; lastKnownFileType = file.storyboard; name = Base; path = Base.lproj/LaunchScreen.storyboard; sourceTree = "<group>"; };
		198701992018183E00A9C575 /* Info.plist */ = {isa = PBXFileReference; lastKnownFileType = text.plist.xml; path = Info.plist; sourceTree = "<group>"; };
		198701A32018226000A9C575 /* BookmarksListFavoritesFolder@3x.png */ = {isa = PBXFileReference; lastKnownFileType = image.png; path = "BookmarksListFavoritesFolder@3x.png"; sourceTree = "<group>"; };
		198701A9201822DF00A9C575 /* BookmarksListFavoritesFolder@2x.png */ = {isa = PBXFileReference; lastKnownFileType = image.png; path = "BookmarksListFavoritesFolder@2x.png"; sourceTree = "<group>"; };
		198701AA2018233600A9C575 /* FavoritesGridFolder.png */ = {isa = PBXFileReference; lastKnownFileType = image.png; path = FavoritesGridFolder.png; sourceTree = "<group>"; };
		198701B02018324E00A9C575 /* RecordViewController.swift */ = {isa = PBXFileReference; lastKnownFileType = sourcecode.swift; path = RecordViewController.swift; sourceTree = "<group>"; };
		19B7F037201FD607000AA565 /* BookmarksListFavoritesFolder@2x.png */ = {isa = PBXFileReference; lastKnownFileType = image.png; name = "BookmarksListFavoritesFolder@2x.png"; path = "../BookmarksListFavoritesFolder@2x.png"; sourceTree = "<group>"; };
		19B7F039201FD70E000AA565 /* RecordTableViewCell.swift */ = {isa = PBXFileReference; lastKnownFileType = sourcecode.swift; path = RecordTableViewCell.swift; sourceTree = "<group>"; };
		19B7F0DB202015EE000AA565 /* DBHelper.swift */ = {isa = PBXFileReference; lastKnownFileType = sourcecode.swift; path = DBHelper.swift; sourceTree = "<group>"; };
		19B7F0DD202018E1000AA565 /* TestViewController.swift */ = {isa = PBXFileReference; lastKnownFileType = sourcecode.swift; path = TestViewController.swift; sourceTree = "<group>"; };
		19B7F0F42021A1F1000AA565 /* TabBarController.swift */ = {isa = PBXFileReference; lastKnownFileType = sourcecode.swift; path = TabBarController.swift; sourceTree = "<group>"; };
		19C46F15201E56F0008AF94F /* Record.swift */ = {isa = PBXFileReference; lastKnownFileType = sourcecode.swift; path = Record.swift; sourceTree = "<group>"; };
		5B978329EC5791DF1EDC4801 /* Pods-demo2.release.xcconfig */ = {isa = PBXFileReference; includeInIndex = 1; lastKnownFileType = text.xcconfig; name = "Pods-demo2.release.xcconfig"; path = "Pods/Target Support Files/Pods-demo2/Pods-demo2.release.xcconfig"; sourceTree = "<group>"; };
		77BB9C15FB52F3E63D8013E6 /* Pods_demo2.framework */ = {isa = PBXFileReference; explicitFileType = wrapper.framework; includeInIndex = 0; path = Pods_demo2.framework; sourceTree = BUILT_PRODUCTS_DIR; };
		9057B15E1DBEBBBCB14AD937 /* Pods-demo2.debug.xcconfig */ = {isa = PBXFileReference; includeInIndex = 1; lastKnownFileType = text.xcconfig; name = "Pods-demo2.debug.xcconfig"; path = "Pods/Target Support Files/Pods-demo2/Pods-demo2.debug.xcconfig"; sourceTree = "<group>"; };
/* End PBXFileReference section */

/* Begin PBXFrameworksBuildPhase section */
		198701872018183E00A9C575 /* Frameworks */ = {
			isa = PBXFrameworksBuildPhase;
			buildActionMask = 2147483647;
			files = (
				224A757B2433032BC4A34A45 /* Pods_demo2.framework in Frameworks */,
			);
			runOnlyForDeploymentPostprocessing = 0;
		};
/* End PBXFrameworksBuildPhase section */

/* Begin PBXGroup section */
		198701812018183E00A9C575 = {
			isa = PBXGroup;
			children = (
				1987018C2018183E00A9C575 /* demo2 */,
				1987018B2018183E00A9C575 /* Products */,
				19C46EF5201E5440008AF94F /* Frameworks */,
				98D97127DBB1E30355693639 /* Pods */,
			);
			sourceTree = "<group>";
		};
		1987018B2018183E00A9C575 /* Products */ = {
			isa = PBXGroup;
			children = (
				1987018A2018183E00A9C575 /* demo2.app */,
			);
			name = Products;
			sourceTree = "<group>";
		};
		1987018C2018183E00A9C575 /* demo2 */ = {
			isa = PBXGroup;
			children = (
				198701A6201822AF00A9C575 /* Images */,
				1987018D2018183E00A9C575 /* AppDelegate.swift */,
				1987018F2018183E00A9C575 /* ViewController.swift */,
				198701912018183E00A9C575 /* Main.storyboard */,
				198701942018183E00A9C575 /* Assets.xcassets */,
				198701962018183E00A9C575 /* LaunchScreen.storyboard */,
				198701992018183E00A9C575 /* Info.plist */,
				198701B02018324E00A9C575 /* RecordViewController.swift */,
				192CABDE201870A800B5BEBC /* QueryTableViewController.swift */,
				19C46F15201E56F0008AF94F /* Record.swift */,
				19B7F039201FD70E000AA565 /* RecordTableViewCell.swift */,
				19B7F0DB202015EE000AA565 /* DBHelper.swift */,
				19B7F0DD202018E1000AA565 /* TestViewController.swift */,
				19B7F0F42021A1F1000AA565 /* TabBarController.swift */,
			);
			path = demo2;
			sourceTree = "<group>";
		};
		198701A6201822AF00A9C575 /* Images */ = {
			isa = PBXGroup;
			children = (
				19B7F037201FD607000AA565 /* BookmarksListFavoritesFolder@2x.png */,
				198701AA2018233600A9C575 /* FavoritesGridFolder.png */,
				198701A9201822DF00A9C575 /* BookmarksListFavoritesFolder@2x.png */,
				198701A32018226000A9C575 /* BookmarksListFavoritesFolder@3x.png */,
			);
			path = Images;
			sourceTree = "<group>";
		};
		19C46EF5201E5440008AF94F /* Frameworks */ = {
			isa = PBXGroup;
			children = (
				77BB9C15FB52F3E63D8013E6 /* Pods_demo2.framework */,
			);
			name = Frameworks;
			sourceTree = "<group>";
		};
		98D97127DBB1E30355693639 /* Pods */ = {
			isa = PBXGroup;
			children = (
				9057B15E1DBEBBBCB14AD937 /* Pods-demo2.debug.xcconfig */,
				5B978329EC5791DF1EDC4801 /* Pods-demo2.release.xcconfig */,
			);
			name = Pods;
			sourceTree = "<group>";
		};
/* End PBXGroup section */

/* Begin PBXNativeTarget section */
		198701892018183E00A9C575 /* demo2 */ = {
			isa = PBXNativeTarget;
			buildConfigurationList = 1987019C2018183E00A9C575 /* Build configuration list for PBXNativeTarget "demo2" */;
			buildPhases = (
				82B65CFE83BA8D17DB1235E5 /* [CP] Check Pods Manifest.lock */,
				198701862018183E00A9C575 /* Sources */,
				198701872018183E00A9C575 /* Frameworks */,
				198701882018183E00A9C575 /* Resources */,
				E3591C36A0690499FC37A307 /* [CP] Embed Pods Frameworks */,
				0D328FC9B7CAB64D6C3B064D /* [CP] Copy Pods Resources */,
			);
			buildRules = (
			);
			dependencies = (
			);
			name = demo2;
			productName = demo2;
			productReference = 1987018A2018183E00A9C575 /* demo2.app */;
			productType = "com.apple.product-type.application";
		};
/* End PBXNativeTarget section */

/* Begin PBXProject section */
		198701822018183E00A9C575 /* Project object */ = {
			isa = PBXProject;
			attributes = {
				LastSwiftUpdateCheck = 0920;
				LastUpgradeCheck = 0920;
				ORGANIZATIONNAME = paul.ng;
				TargetAttributes = {
					198701892018183E00A9C575 = {
						CreatedOnToolsVersion = 9.2;
						ProvisioningStyle = Automatic;
					};
				};
			};
			buildConfigurationList = 198701852018183E00A9C575 /* Build configuration list for PBXProject "demo2" */;
			compatibilityVersion = "Xcode 8.0";
			developmentRegion = en;
			hasScannedForEncodings = 0;
			knownRegions = (
				en,
				Base,
			);
			mainGroup = 198701812018183E00A9C575;
			productRefGroup = 1987018B2018183E00A9C575 /* Products */;
			projectDirPath = "";
			projectRoot = "";
			targets = (
				198701892018183E00A9C575 /* demo2 */,
			);
		};
/* End PBXProject section */

/* Begin PBXResourcesBuildPhase section */
		198701882018183E00A9C575 /* Resources */ = {
			isa = PBXResourcesBuildPhase;
			buildActionMask = 2147483647;
			files = (
				198701982018183E00A9C575 /* LaunchScreen.storyboard in Resources */,
				198701A42018226000A9C575 /* BookmarksListFavoritesFolder@3x.png in Resources */,
				198701AB2018233700A9C575 /* FavoritesGridFolder.png in Resources */,
				19B7F038201FD607000AA565 /* BookmarksListFavoritesFolder@2x.png in Resources */,
				198701952018183E00A9C575 /* Assets.xcassets in Resources */,
				198701932018183E00A9C575 /* Main.storyboard in Resources */,
			);
			runOnlyForDeploymentPostprocessing = 0;
		};
/* End PBXResourcesBuildPhase section */

/* Begin PBXShellScriptBuildPhase section */
		0D328FC9B7CAB64D6C3B064D /* [CP] Copy Pods Resources */ = {
			isa = PBXShellScriptBuildPhase;
			buildActionMask = 2147483647;
			files = (
			);
			inputPaths = (
			);
			name = "[CP] Copy Pods Resources";
			outputPaths = (
			);
			runOnlyForDeploymentPostprocessing = 0;
			shellPath = /bin/sh;
			shellScript = "\"${SRCROOT}/Pods/Target Support Files/Pods-demo2/Pods-demo2-resources.sh\"\n";
			showEnvVarsInLog = 0;
		};
		82B65CFE83BA8D17DB1235E5 /* [CP] Check Pods Manifest.lock */ = {
			isa = PBXShellScriptBuildPhase;
			buildActionMask = 2147483647;
			files = (
			);
			inputPaths = (
				"${PODS_PODFILE_DIR_PATH}/Podfile.lock",
				"${PODS_ROOT}/Manifest.lock",
			);
			name = "[CP] Check Pods Manifest.lock";
			outputPaths = (
				"$(DERIVED_FILE_DIR)/Pods-demo2-checkManifestLockResult.txt",
			);
			runOnlyForDeploymentPostprocessing = 0;
			shellPath = /bin/sh;
			shellScript = "diff \"${PODS_PODFILE_DIR_PATH}/Podfile.lock\" \"${PODS_ROOT}/Manifest.lock\" > /dev/null\nif [ $? != 0 ] ; then\n    # print error to STDERR\n    echo \"error: The sandbox is not in sync with the Podfile.lock. Run 'pod install' or update your CocoaPods installation.\" >&2\n    exit 1\nfi\n# This output is used by Xcode 'outputs' to avoid re-running this script phase.\necho \"SUCCESS\" > \"${SCRIPT_OUTPUT_FILE_0}\"\n";
			showEnvVarsInLog = 0;
		};
		E3591C36A0690499FC37A307 /* [CP] Embed Pods Frameworks */ = {
			isa = PBXShellScriptBuildPhase;
			buildActionMask = 2147483647;
			files = (
			);
			inputPaths = (
				"${SRCROOT}/Pods/Target Support Files/Pods-demo2/Pods-demo2-frameworks.sh",
				"${BUILT_PRODUCTS_DIR}/FontAwesome.swift/FontAwesome_swift.framework",
				"${BUILT_PRODUCTS_DIR}/SQLite.swift/SQLite.framework",
			);
			name = "[CP] Embed Pods Frameworks";
			outputPaths = (
				"${TARGET_BUILD_DIR}/${FRAMEWORKS_FOLDER_PATH}/FontAwesome_swift.framework",
				"${TARGET_BUILD_DIR}/${FRAMEWORKS_FOLDER_PATH}/SQLite.framework",
			);
			runOnlyForDeploymentPostprocessing = 0;
			shellPath = /bin/sh;
			shellScript = "\"${SRCROOT}/Pods/Target Support Files/Pods-demo2/Pods-demo2-frameworks.sh\"\n";
			showEnvVarsInLog = 0;
		};
/* End PBXShellScriptBuildPhase section */

/* Begin PBXSourcesBuildPhase section */
		198701862018183E00A9C575 /* Sources */ = {
			isa = PBXSourcesBuildPhase;
			buildActionMask = 2147483647;
			files = (
				198701B12018324E00A9C575 /* RecordViewController.swift in Sources */,
				198701902018183E00A9C575 /* ViewController.swift in Sources */,
				19B7F0DE202018E1000AA565 /* TestViewController.swift in Sources */,
				19B7F0F52021A1F1000AA565 /* TabBarController.swift in Sources */,
				19B7F03A201FD70E000AA565 /* RecordTableViewCell.swift in Sources */,
				19B7F0DC202015EE000AA565 /* DBHelper.swift in Sources */,
				19C46F16201E56F0008AF94F /* Record.swift in Sources */,
				192CABDF201870A800B5BEBC /* QueryTableViewController.swift in Sources */,
				1987018E2018183E00A9C575 /* AppDelegate.swift in Sources */,
			);
			runOnlyForDeploymentPostprocessing = 0;
		};
/* End PBXSourcesBuildPhase section */

/* Begin PBXVariantGroup section */
		198701912018183E00A9C575 /* Main.storyboard */ = {
			isa = PBXVariantGroup;
			children = (
				198701922018183E00A9C575 /* Base */,
			);
			name = Main.storyboard;
			sourceTree = "<group>";
		};
		198701962018183E00A9C575 /* LaunchScreen.storyboard */ = {
			isa = PBXVariantGroup;
			children = (
				198701972018183E00A9C575 /* Base */,
			);
			name = LaunchScreen.storyboard;
			sourceTree = "<group>";
		};
/* End PBXVariantGroup section */

/* Begin XCBuildConfiguration section */
		1987019A2018183E00A9C575 /* Debug */ = {
			isa = XCBuildConfiguration;
			buildSettings = {
				ALWAYS_SEARCH_USER_PATHS = NO;
				CLANG_ANALYZER_NONNULL = YES;
				CLANG_ANALYZER_NUMBER_OBJECT_CONVERSION = YES_AGGRESSIVE;
				CLANG_CXX_LANGUAGE_STANDARD = "gnu++14";
				CLANG_CXX_LIBRARY = "libc++";
				CLANG_ENABLE_MODULES = YES;
				CLANG_ENABLE_OBJC_ARC = YES;
				CLANG_WARN_BLOCK_CAPTURE_AUTORELEASING = YES;
				CLANG_WARN_BOOL_CONVERSION = YES;
				CLANG_WARN_COMMA = YES;
				CLANG_WARN_CONSTANT_CONVERSION = YES;
				CLANG_WARN_DIRECT_OBJC_ISA_USAGE = YES_ERROR;
				CLANG_WARN_DOCUMENTATION_COMMENTS = YES;
				CLANG_WARN_EMPTY_BODY = YES;
				CLANG_WARN_ENUM_CONVERSION = YES;
				CLANG_WARN_INFINITE_RECURSION = YES;
				CLANG_WARN_INT_CONVERSION = YES;
				CLANG_WARN_NON_LITERAL_NULL_CONVERSION = YES;
				CLANG_WARN_OBJC_LITERAL_CONVERSION = YES;
				CLANG_WARN_OBJC_ROOT_CLASS = YES_ERROR;
				CLANG_WARN_RANGE_LOOP_ANALYSIS = YES;
				CLANG_WARN_STRICT_PROTOTYPES = YES;
				CLANG_WARN_SUSPICIOUS_MOVE = YES;
				CLANG_WARN_UNGUARDED_AVAILABILITY = YES_AGGRESSIVE;
				CLANG_WARN_UNREACHABLE_CODE = YES;
				CLANG_WARN__DUPLICATE_METHOD_MATCH = YES;
				CODE_SIGN_IDENTITY = "iPhone Developer";
				COPY_PHASE_STRIP = NO;
				DEBUG_INFORMATION_FORMAT = dwarf;
				ENABLE_STRICT_OBJC_MSGSEND = YES;
				ENABLE_TESTABILITY = YES;
				GCC_C_LANGUAGE_STANDARD = gnu11;
				GCC_DYNAMIC_NO_PIC = NO;
				GCC_NO_COMMON_BLOCKS = YES;
				GCC_OPTIMIZATION_LEVEL = 0;
				GCC_PREPROCESSOR_DEFINITIONS = (
					"DEBUG=1",
					"$(inherited)",
				);
				GCC_WARN_64_TO_32_BIT_CONVERSION = YES;
				GCC_WARN_ABOUT_RETURN_TYPE = YES_ERROR;
				GCC_WARN_UNDECLARED_SELECTOR = YES;
				GCC_WARN_UNINITIALIZED_AUTOS = YES_AGGRESSIVE;
				GCC_WARN_UNUSED_FUNCTION = YES;
				GCC_WARN_UNUSED_VARIABLE = YES;
				IPHONEOS_DEPLOYMENT_TARGET = 11.2;
				MTL_ENABLE_DEBUG_INFO = YES;
				ONLY_ACTIVE_ARCH = YES;
				SDKROOT = iphoneos;
				SWIFT_ACTIVE_COMPILATION_CONDITIONS = DEBUG;
				SWIFT_OPTIMIZATION_LEVEL = "-Onone";
			};
			name = Debug;
		};
		1987019B2018183E00A9C575 /* Release */ = {
			isa = XCBuildConfiguration;
			buildSettings = {
				ALWAYS_SEARCH_USER_PATHS = NO;
				CLANG_ANALYZER_NONNULL = YES;
				CLANG_ANALYZER_NUMBER_OBJECT_CONVERSION = YES_AGGRESSIVE;
				CLANG_CXX_LANGUAGE_STANDARD = "gnu++14";
				CLANG_CXX_LIBRARY = "libc++";
				CLANG_ENABLE_MODULES = YES;
				CLANG_ENABLE_OBJC_ARC = YES;
				CLANG_WARN_BLOCK_CAPTURE_AUTORELEASING = YES;
				CLANG_WARN_BOOL_CONVERSION = YES;
				CLANG_WARN_COMMA = YES;
				CLANG_WARN_CONSTANT_CONVERSION = YES;
				CLANG_WARN_DIRECT_OBJC_ISA_USAGE = YES_ERROR;
				CLANG_WARN_DOCUMENTATION_COMMENTS = YES;
				CLANG_WARN_EMPTY_BODY = YES;
				CLANG_WARN_ENUM_CONVERSION = YES;
				CLANG_WARN_INFINITE_RECURSION = YES;
				CLANG_WARN_INT_CONVERSION = YES;
				CLANG_WARN_NON_LITERAL_NULL_CONVERSION = YES;
				CLANG_WARN_OBJC_LITERAL_CONVERSION = YES;
				CLANG_WARN_OBJC_ROOT_CLASS = YES_ERROR;
				CLANG_WARN_RANGE_LOOP_ANALYSIS = YES;
				CLANG_WARN_STRICT_PROTOTYPES = YES;
				CLANG_WARN_SUSPICIOUS_MOVE = YES;
				CLANG_WARN_UNGUARDED_AVAILABILITY = YES_AGGRESSIVE;
				CLANG_WARN_UNREACHABLE_CODE = YES;
				CLANG_WARN__DUPLICATE_METHOD_MATCH = YES;
				CODE_SIGN_IDENTITY = "iPhone Developer";
				COPY_PHASE_STRIP = NO;
				DEBUG_INFORMATION_FORMAT = "dwarf-with-dsym";
				ENABLE_NS_ASSERTIONS = NO;
				ENABLE_STRICT_OBJC_MSGSEND = YES;
				GCC_C_LANGUAGE_STANDARD = gnu11;
				GCC_NO_COMMON_BLOCKS = YES;
				GCC_WARN_64_TO_32_BIT_CONVERSION = YES;
				GCC_WARN_ABOUT_RETURN_TYPE = YES_ERROR;
				GCC_WARN_UNDECLARED_SELECTOR = YES;
				GCC_WARN_UNINITIALIZED_AUTOS = YES_AGGRESSIVE;
				GCC_WARN_UNUSED_FUNCTION = YES;
				GCC_WARN_UNUSED_VARIABLE = YES;
				IPHONEOS_DEPLOYMENT_TARGET = 11.2;
				MTL_ENABLE_DEBUG_INFO = NO;
				SDKROOT = iphoneos;
				SWIFT_OPTIMIZATION_LEVEL = "-Owholemodule";
				VALIDATE_PRODUCT = YES;
			};
			name = Release;
		};
		1987019D2018183E00A9C575 /* Debug */ = {
			isa = XCBuildConfiguration;
			baseConfigurationReference = 9057B15E1DBEBBBCB14AD937 /* Pods-demo2.debug.xcconfig */;
			buildSettings = {
				ASSETCATALOG_COMPILER_APPICON_NAME = AppIcon;
				CODE_SIGN_STYLE = Automatic;
				INFOPLIST_FILE = demo2/Info.plist;
				LD_RUNPATH_SEARCH_PATHS = "$(inherited) @executable_path/Frameworks";
				PRODUCT_BUNDLE_IDENTIFIER = tw.edu.ocu.imtech.demo2;
				PRODUCT_NAME = "$(TARGET_NAME)";
				SWIFT_VERSION = 4.0;
				TARGETED_DEVICE_FAMILY = "1,2";
			};
			name = Debug;
		};
		1987019E2018183E00A9C575 /* Release */ = {
			isa = XCBuildConfiguration;
			baseConfigurationReference = 5B978329EC5791DF1EDC4801 /* Pods-demo2.release.xcconfig */;
			buildSettings = {
				ASSETCATALOG_COMPILER_APPICON_NAME = AppIcon;
				CODE_SIGN_STYLE = Automatic;
				INFOPLIST_FILE = demo2/Info.plist;
				LD_RUNPATH_SEARCH_PATHS = "$(inherited) @executable_path/Frameworks";
				PRODUCT_BUNDLE_IDENTIFIER = tw.edu.ocu.imtech.demo2;
				PRODUCT_NAME = "$(TARGET_NAME)";
				SWIFT_VERSION = 4.0;
				TARGETED_DEVICE_FAMILY = "1,2";
			};
			name = Release;
		};
/* End XCBuildConfiguration section */

/* Begin XCConfigurationList section */
		198701852018183E00A9C575 /* Build configuration list for PBXProject "demo2" */ = {
			isa = XCConfigurationList;
			buildConfigurations = (
				1987019A2018183E00A9C575 /* Debug */,
				1987019B2018183E00A9C575 /* Release */,
			);
			defaultConfigurationIsVisible = 0;
			defaultConfigurationName = Release;
		};
		1987019C2018183E00A9C575 /* Build configuration list for PBXNativeTarget "demo2" */ = {
			isa = XCConfigurationList;
			buildConfigurations = (
				1987019D2018183E00A9C575 /* Debug */,
				1987019E2018183E00A9C575 /* Release */,
			);
			defaultConfigurationIsVisible = 0;
			defaultConfigurationName = Release;
		};
/* End XCConfigurationList section */
	};
	rootObject = 198701822018183E00A9C575 /* Project object */;
}
